// !$*UTF8*$!
{
	archiveVersion = 1;
	classes = {
	};
	objectVersion = 46;
	objects = {

/* Begin PBXBuildFile section */
		2AB409C51B94F3A80069ECA9 /* AppDelegate.swift in Sources */ = {isa = PBXBuildFile; fileRef = 2AB409C41B94F3A80069ECA9 /* AppDelegate.swift */; };
		2AB409C71B94F3A80069ECA9 /* ViewController.swift in Sources */ = {isa = PBXBuildFile; fileRef = 2AB409C61B94F3A80069ECA9 /* ViewController.swift */; };
		2AB409CA1B94F3A80069ECA9 /* Main.storyboard in Resources */ = {isa = PBXBuildFile; fileRef = 2AB409C81B94F3A80069ECA9 /* Main.storyboard */; };
		2AB409CC1B94F3A80069ECA9 /* Assets.xcassets in Resources */ = {isa = PBXBuildFile; fileRef = 2AB409CB1B94F3A80069ECA9 /* Assets.xcassets */; };
		2AB409CF1B94F3A80069ECA9 /* LaunchScreen.storyboard in Resources */ = {isa = PBXBuildFile; fileRef = 2AB409CD1B94F3A80069ECA9 /* LaunchScreen.storyboard */; };
		2AB409DA1B94F3A80069ECA9 /* NinjaGoldTests.swift in Sources */ = {isa = PBXBuildFile; fileRef = 2AB409D91B94F3A80069ECA9 /* NinjaGoldTests.swift */; };
		2AB409E51B94F3A80069ECA9 /* NinjaGoldUITests.swift in Sources */ = {isa = PBXBuildFile; fileRef = 2AB409E41B94F3A80069ECA9 /* NinjaGoldUITests.swift */; };
/* End PBXBuildFile section */

/* Begin PBXContainerItemProxy section */
		2AB409D61B94F3A80069ECA9 /* PBXContainerItemProxy */ = {
			isa = PBXContainerItemProxy;
			containerPortal = 2AB409B91B94F3A80069ECA9 /* Project object */;
			proxyType = 1;
			remoteGlobalIDString = 2AB409C01B94F3A80069ECA9;
			remoteInfo = NinjaGold;
		};
		2AB409E11B94F3A80069ECA9 /* PBXContainerItemProxy */ = {
			isa = PBXContainerItemProxy;
			containerPortal = 2AB409B91B94F3A80069ECA9 /* Project object */;
			proxyType = 1;
			remoteGlobalIDString = 2AB409C01B94F3A80069ECA9;
			remoteInfo = NinjaGold;
		};
/* End PBXContainerItemProxy section */

/* Begin PBXFileReference section */
		2AB409C11B94F3A80069ECA9 /* NinjaGold.app */ = {isa = PBXFileReference; explicitFileType = wrapper.application; includeInIndex = 0; path = NinjaGold.app; sourceTree = BUILT_PRODUCTS_DIR; };
		2AB409C41B94F3A80069ECA9 /* AppDelegate.swift */ = {isa = PBXFileReference; lastKnownFileType = sourcecode.swift; path = AppDelegate.swift; sourceTree = "<group>"; };
		2AB409C61B94F3A80069ECA9 /* ViewController.swift */ = {isa = PBXFileReference; lastKnownFileType = sourcecode.swift; path = ViewController.swift; sourceTree = "<group>"; };
		2AB409C91B94F3A80069ECA9 /* Base */ = {isa = PBXFileReference; lastKnownFileType = file.storyboard; name = Base; path = Base.lproj/Main.storyboard; sourceTree = "<group>"; };
		2AB409CB1B94F3A80069ECA9 /* Assets.xcassets */ = {isa = PBXFileReference; lastKnownFileType = folder.assetcatalog; path = Assets.xcassets; sourceTree = "<group>"; };
		2AB409CE1B94F3A80069ECA9 /* Base */ = {isa = PBXFileReference; lastKnownFileType = file.storyboard; name = Base; path = Base.lproj/LaunchScreen.storyboard; sourceTree = "<group>"; };
		2AB409D01B94F3A80069ECA9 /* Info.plist */ = {isa = PBXFileReference; lastKnownFileType = text.plist.xml; path = Info.plist; sourceTree = "<group>"; };
		2AB409D51B94F3A80069ECA9 /* NinjaGoldTests.xctest */ = {isa = PBXFileReference; explicitFileType = wrapper.cfbundle; includeInIndex = 0; path = NinjaGoldTests.xctest; sourceTree = BUILT_PRODUCTS_DIR; };
		2AB409D91B94F3A80069ECA9 /* NinjaGoldTests.swift */ = {isa = PBXFileReference; lastKnownFileType = sourcecode.swift; path = NinjaGoldTests.swift; sourceTree = "<group>"; };
		2AB409DB1B94F3A80069ECA9 /* Info.plist */ = {isa = PBXFileReference; lastKnownFileType = text.plist.xml; path = Info.plist; sourceTree = "<group>"; };
		2AB409E01B94F3A80069ECA9 /* NinjaGoldUITests.xctest */ = {isa = PBXFileReference; explicitFileType = wrapper.cfbundle; includeInIndex = 0; path = NinjaGoldUITests.xctest; sourceTree = BUILT_PRODUCTS_DIR; };
		2AB409E41B94F3A80069ECA9 /* NinjaGoldUITests.swift */ = {isa = PBXFileReference; lastKnownFileType = sourcecode.swift; path = NinjaGoldUITests.swift; sourceTree = "<group>"; };
		2AB409E61B94F3A80069ECA9 /* Info.plist */ = {isa = PBXFileReference; lastKnownFileType = text.plist.xml; path = Info.plist; sourceTree = "<group>"; };
/* End PBXFileReference section */

/* Begin PBXFrameworksBuildPhase section */
		2AB409BE1B94F3A80069ECA9 /* Frameworks */ = {
			isa = PBXFrameworksBuildPhase;
			buildActionMask = 2147483647;
			files = (
			);
			runOnlyForDeploymentPostprocessing = 0;
		};
		2AB409D21B94F3A80069ECA9 /* Frameworks */ = {
			isa = PBXFrameworksBuildPhase;
			buildActionMask = 2147483647;
			files = (
			);
			runOnlyForDeploymentPostprocessing = 0;
		};
		2AB409DD1B94F3A80069ECA9 /* Frameworks */ = {
			isa = PBXFrameworksBuildPhase;
			buildActionMask = 2147483647;
			files = (
			);
			runOnlyForDeploymentPostprocessing = 0;
		};
/* End PBXFrameworksBuildPhase section */

/* Begin PBXGroup section */
		2AB409B81B94F3A80069ECA9 = {
			isa = PBXGroup;
			children = (
				2AB409C31B94F3A80069ECA9 /* NinjaGold */,
				2AB409D81B94F3A80069ECA9 /* NinjaGoldTests */,
				2AB409E31B94F3A80069ECA9 /* NinjaGoldUITests */,
				2AB409C21B94F3A80069ECA9 /* Products */,
			);
			sourceTree = "<group>";
		};
		2AB409C21B94F3A80069ECA9 /* Products */ = {
			isa = PBXGroup;
			children = (
				2AB409C11B94F3A80069ECA9 /* NinjaGold.app */,
				2AB409D51B94F3A80069ECA9 /* NinjaGoldTests.xctest */,
				2AB409E01B94F3A80069ECA9 /* NinjaGoldUITests.xctest */,
			);
			name = Products;
			sourceTree = "<group>";
		};
		2AB409C31B94F3A80069ECA9 /* NinjaGold */ = {
			isa = PBXGroup;
			children = (
				2AB409C41B94F3A80069ECA9 /* AppDelegate.swift */,
				2AB409C61B94F3A80069ECA9 /* ViewController.swift */,
				2AB409C81B94F3A80069ECA9 /* Main.storyboard */,
				2AB409CB1B94F3A80069ECA9 /* Assets.xcassets */,
				2AB409CD1B94F3A80069ECA9 /* LaunchScreen.storyboard */,
				2AB409D01B94F3A80069ECA9 /* Info.plist */,
			);
			path = NinjaGold;
			sourceTree = "<group>";
		};
		2AB409D81B94F3A80069ECA9 /* NinjaGoldTests */ = {
			isa = PBXGroup;
			children = (
				2AB409D91B94F3A80069ECA9 /* NinjaGoldTests.swift */,
				2AB409DB1B94F3A80069ECA9 /* Info.plist */,
			);
			path = NinjaGoldTests;
			sourceTree = "<group>";
		};
		2AB409E31B94F3A80069ECA9 /* NinjaGoldUITests */ = {
			isa = PBXGroup;
			children = (
				2AB409E41B94F3A80069ECA9 /* NinjaGoldUITests.swift */,
				2AB409E61B94F3A80069ECA9 /* Info.plist */,
			);
			path = NinjaGoldUITests;
			sourceTree = "<group>";
		};
/* End PBXGroup section */

/* Begin PBXNativeTarget section */
		2AB409C01B94F3A80069ECA9 /* NinjaGold */ = {
			isa = PBXNativeTarget;
			buildConfigurationList = 2AB409E91B94F3A80069ECA9 /* Build configuration list for PBXNativeTarget "NinjaGold" */;
			buildPhases = (
				2AB409BD1B94F3A80069ECA9 /* Sources */,
				2AB409BE1B94F3A80069ECA9 /* Frameworks */,
				2AB409BF1B94F3A80069ECA9 /* Resources */,
			);
			buildRules = (
			);
			dependencies = (
			);
			name = NinjaGold;
			productName = NinjaGold;
			productReference = 2AB409C11B94F3A80069ECA9 /* NinjaGold.app */;
			productType = "com.apple.product-type.application";
		};
		2AB409D41B94F3A80069ECA9 /* NinjaGoldTests */ = {
			isa = PBXNativeTarget;
			buildConfigurationList = 2AB409EC1B94F3A80069ECA9 /* Build configuration list for PBXNativeTarget "NinjaGoldTests" */;
			buildPhases = (
				2AB409D11B94F3A80069ECA9 /* Sources */,
				2AB409D21B94F3A80069ECA9 /* Frameworks */,
				2AB409D31B94F3A80069ECA9 /* Resources */,
			);
			buildRules = (
			);
			dependencies = (
				2AB409D71B94F3A80069ECA9 /* PBXTargetDependency */,
			);
			name = NinjaGoldTests;
			productName = NinjaGoldTests;
			productReference = 2AB409D51B94F3A80069ECA9 /* NinjaGoldTests.xctest */;
			productType = "com.apple.product-type.bundle.unit-test";
		};
		2AB409DF1B94F3A80069ECA9 /* NinjaGoldUITests */ = {
			isa = PBXNativeTarget;
			buildConfigurationList = 2AB409EF1B94F3A80069ECA9 /* Build configuration list for PBXNativeTarget "NinjaGoldUITests" */;
			buildPhases = (
				2AB409DC1B94F3A80069ECA9 /* Sources */,
				2AB409DD1B94F3A80069ECA9 /* Frameworks */,
				2AB409DE1B94F3A80069ECA9 /* Resources */,
			);
			buildRules = (
			);
			dependencies = (
				2AB409E21B94F3A80069ECA9 /* PBXTargetDependency */,
			);
			name = NinjaGoldUITests;
			productName = NinjaGoldUITests;
			productReference = 2AB409E01B94F3A80069ECA9 /* NinjaGoldUITests.xctest */;
			productType = "com.apple.product-type.bundle.ui-testing";
		};
/* End PBXNativeTarget section */

/* Begin PBXProject section */
		2AB409B91B94F3A80069ECA9 /* Project object */ = {
			isa = PBXProject;
			attributes = {
				LastUpgradeCheck = 0700;
				ORGANIZATIONNAME = "Vikash Loomba";
				TargetAttributes = {
					2AB409C01B94F3A80069ECA9 = {
						CreatedOnToolsVersion = 7.0;
					};
					2AB409D41B94F3A80069ECA9 = {
						CreatedOnToolsVersion = 7.0;
						TestTargetID = 2AB409C01B94F3A80069ECA9;
					};
					2AB409DF1B94F3A80069ECA9 = {
						CreatedOnToolsVersion = 7.0;
						TestTargetID = 2AB409C01B94F3A80069ECA9;
					};
				};
			};
			buildConfigurationList = 2AB409BC1B94F3A80069ECA9 /* Build configuration list for PBXProject "NinjaGold" */;
			compatibilityVersion = "Xcode 3.2";
			developmentRegion = English;
			hasScannedForEncodings = 0;
			knownRegions = (
				en,
				Base,
			);
			mainGroup = 2AB409B81B94F3A80069ECA9;
			productRefGroup = 2AB409C21B94F3A80069ECA9 /* Products */;
			projectDirPath = "";
			projectRoot = "";
			targets = (
				2AB409C01B94F3A80069ECA9 /* NinjaGold */,
				2AB409D41B94F3A80069ECA9 /* NinjaGoldTests */,
				2AB409DF1B94F3A80069ECA9 /* NinjaGoldUITests */,
			);
		};
/* End PBXProject section */

/* Begin PBXResourcesBuildPhase section */
		2AB409BF1B94F3A80069ECA9 /* Resources */ = {
			isa = PBXResourcesBuildPhase;
			buildActionMask = 2147483647;
			files = (
				2AB409CF1B94F3A80069ECA9 /* LaunchScreen.storyboard in Resources */,
				2AB409CC1B94F3A80069ECA9 /* Assets.xcassets in Resources */,
				2AB409CA1B94F3A80069ECA9 /* Main.storyboard in Resources */,
			);
			runOnlyForDeploymentPostprocessing = 0;
		};
		2AB409D31B94F3A80069ECA9 /* Resources */ = {
			isa = PBXResourcesBuildPhase;
			buildActionMask = 2147483647;
			files = (
			);
			runOnlyForDeploymentPostprocessing = 0;
		};
		2AB409DE1B94F3A80069ECA9 /* Resources */ = {
			isa = PBXResourcesBuildPhase;
			buildActionMask = 2147483647;
			files = (
			);
			runOnlyForDeploymentPostprocessing = 0;
		};
/* End PBXResourcesBuildPhase section */

/* Begin PBXSourcesBuildPhase section */
		2AB409BD1B94F3A80069ECA9 /* Sources */ = {
			isa = PBXSourcesBuildPhase;
			buildActionMask = 2147483647;
			files = (
				2AB409C71B94F3A80069ECA9 /* ViewController.swift in Sources */,
				2AB409C51B94F3A80069ECA9 /* AppDelegate.swift in Sources */,
			);
			runOnlyForDeploymentPostprocessing = 0;
		};
		2AB409D11B94F3A80069ECA9 /* Sources */ = {
			isa = PBXSourcesBuildPhase;
			buildActionMask = 2147483647;
			files = (
				2AB409DA1B94F3A80069ECA9 /* NinjaGoldTests.swift in Sources */,
			);
			runOnlyForDeploymentPostprocessing = 0;
		};
		2AB409DC1B94F3A80069ECA9 /* Sources */ = {
			isa = PBXSourcesBuildPhase;
			buildActionMask = 2147483647;
			files = (
				2AB409E51B94F3A80069ECA9 /* NinjaGoldUITests.swift in Sources */,
			);
			runOnlyForDeploymentPostprocessing = 0;
		};
/* End PBXSourcesBuildPhase section */

/* Begin PBXTargetDependency section */
		2AB409D71B94F3A80069ECA9 /* PBXTargetDependency */ = {
			isa = PBXTargetDependency;
			target = 2AB409C01B94F3A80069ECA9 /* NinjaGold */;
			targetProxy = 2AB409D61B94F3A80069ECA9 /* PBXContainerItemProxy */;
		};
		2AB409E21B94F3A80069ECA9 /* PBXTargetDependency */ = {
			isa = PBXTargetDependency;
			target = 2AB409C01B94F3A80069ECA9 /* NinjaGold */;
			targetProxy = 2AB409E11B94F3A80069ECA9 /* PBXContainerItemProxy */;
		};
/* End PBXTargetDependency section */

/* Begin PBXVariantGroup section */
		2AB409C81B94F3A80069ECA9 /* Main.storyboard */ = {
			isa = PBXVariantGroup;
			children = (
				2AB409C91B94F3A80069ECA9 /* Base */,
			);
			name = Main.storyboard;
			sourceTree = "<group>";
		};
		2AB409CD1B94F3A80069ECA9 /* LaunchScreen.storyboard */ = {
			isa = PBXVariantGroup;
			children = (
				2AB409CE1B94F3A80069ECA9 /* Base */,
			);
			name = LaunchScreen.storyboard;
			sourceTree = "<group>";
		};
/* End PBXVariantGroup section */

/* Begin XCBuildConfiguration section */
		2AB409E71B94F3A80069ECA9 /* Debug */ = {
			isa = XCBuildConfiguration;
			buildSettings = {
				ALWAYS_SEARCH_USER_PATHS = NO;
				CLANG_CXX_LANGUAGE_STANDARD = "gnu++0x";
				CLANG_CXX_LIBRARY = "libc++";
				CLANG_ENABLE_MODULES = YES;
				CLANG_ENABLE_OBJC_ARC = YES;
				CLANG_WARN_BOOL_CONVERSION = YES;
				CLANG_WARN_CONSTANT_CONVERSION = YES;
				CLANG_WARN_DIRECT_OBJC_ISA_USAGE = YES_ERROR;
				CLANG_WARN_EMPTY_BODY = YES;
				CLANG_WARN_ENUM_CONVERSION = YES;
				CLANG_WARN_INT_CONVERSION = YES;
				CLANG_WARN_OBJC_ROOT_CLASS = YES_ERROR;
				CLANG_WARN_UNREACHABLE_CODE = YES;
				CLANG_WARN__DUPLICATE_METHOD_MATCH = YES;
				"CODE_SIGN_IDENTITY[sdk=iphoneos*]" = "iPhone Developer";
				COPY_PHASE_STRIP = NO;
				DEBUG_INFORMATION_FORMAT = dwarf;
				ENABLE_STRICT_OBJC_MSGSEND = YES;
				ENABLE_TESTABILITY = YES;
				GCC_C_LANGUAGE_STANDARD = gnu99;
				GCC_DYNAMIC_NO_PIC = NO;
				GCC_NO_COMMON_BLOCKS = YES;
				GCC_OPTIMIZATION_LEVEL = 0;
				GCC_PREPROCESSOR_DEFINITIONS = (
					"DEBUG=1",
					"$(inherited)",
				);
				GCC_WARN_64_TO_32_BIT_CONVERSION = YES;
				GCC_WARN_ABOUT_RETURN_TYPE = YES_ERROR;
				GCC_WARN_UNDECLARED_SELECTOR = YES;
				GCC_WARN_UNINITIALIZED_AUTOS = YES_AGGRESSIVE;
				GCC_WARN_UNUSED_FUNCTION = YES;
				GCC_WARN_UNUSED_VARIABLE = YES;
				IPHONEOS_DEPLOYMENT_TARGET = 9.0;
				MTL_ENABLE_DEBUG_INFO = YES;
				ONLY_ACTIVE_ARCH = YES;
				SDKROOT = iphoneos;
				SWIFT_OPTIMIZATION_LEVEL = "-Onone";
				TARGETED_DEVICE_FAMILY = "1,2";
			};
			name = Debug;
		};
		2AB409E81B94F3A80069ECA9 /* Release */ = {
			isa = XCBuildConfiguration;
			buildSettings = {
				ALWAYS_SEARCH_USER_PATHS = NO;
				CLANG_CXX_LANGUAGE_STANDARD = "gnu++0x";
				CLANG_CXX_LIBRARY = "libc++";
				CLANG_ENABLE_MODULES = YES;
				CLANG_ENABLE_OBJC_ARC = YES;
				CLANG_WARN_BOOL_CONVERSION = YES;
				CLANG_WARN_CONSTANT_CONVERSION = YES;
				CLANG_WARN_DIRECT_OBJC_ISA_USAGE = YES_ERROR;
				CLANG_WARN_EMPTY_BODY = YES;
				CLANG_WARN_ENUM_CONVERSION = YES;
				CLANG_WARN_INT_CONVERSION = YES;
				CLANG_WARN_OBJC_ROOT_CLASS = YES_ERROR;
				CLANG_WARN_UNREACHABLE_CODE = YES;
				CLANG_WARN__DUPLICATE_METHOD_MATCH = YES;
				"CODE_SIGN_IDENTITY[sdk=iphoneos*]" = "iPhone Developer";
				COPY_PHASE_STRIP = NO;
				DEBUG_INFORMATION_FORMAT = "dwarf-with-dsym";
				ENABLE_NS_ASSERTIONS = NO;
				ENABLE_STRICT_OBJC_MSGSEND = YES;
				GCC_C_LANGUAGE_STANDARD = gnu99;
				GCC_NO_COMMON_BLOCKS = YES;
				GCC_WARN_64_TO_32_BIT_CONVERSION = YES;
				GCC_WARN_ABOUT_RETURN_TYPE = YES_ERROR;
				GCC_WARN_UNDECLARED_SELECTOR = YES;
				GCC_WARN_UNINITIALIZED_AUTOS = YES_AGGRESSIVE;
				GCC_WARN_UNUSED_FUNCTION = YES;
				GCC_WARN_UNUSED_VARIABLE = YES;
				IPHONEOS_DEPLOYMENT_TARGET = 9.0;
				MTL_ENABLE_DEBUG_INFO = NO;
				SDKROOT = iphoneos;
				TARGETED_DEVICE_FAMILY = "1,2";
				VALIDATE_PRODUCT = YES;
			};
			name = Release;
		};
		2AB409EA1B94F3A80069ECA9 /* Debug */ = {
			isa = XCBuildConfiguration;
			buildSettings = {
				ASSETCATALOG_COMPILER_APPICON_NAME = AppIcon;
				INFOPLIST_FILE = NinjaGold/Info.plist;
				LD_RUNPATH_SEARCH_PATHS = "$(inherited) @executable_path/Frameworks";
				PRODUCT_BUNDLE_IDENTIFIER = com.vikashloomba.NinjaGold;
				PRODUCT_NAME = "$(TARGET_NAME)";
			};
			name = Debug;
		};
		2AB409EB1B94F3A80069ECA9 /* Release */ = {
			isa = XCBuildConfiguration;
			buildSettings = {
				ASSETCATALOG_COMPILER_APPICON_NAME = AppIcon;
				INFOPLIST_FILE = NinjaGold/Info.plist;
				LD_RUNPATH_SEARCH_PATHS = "$(inherited) @executable_path/Frameworks";
				PRODUCT_BUNDLE_IDENTIFIER = com.vikashloomba.NinjaGold;
				PRODUCT_NAME = "$(TARGET_NAME)";
			};
			name = Release;
		};
		2AB409ED1B94F3A80069ECA9 /* Debug */ = {
			isa = XCBuildConfiguration;
			buildSettings = {
				BUNDLE_LOADER = "$(TEST_HOST)";
				INFOPLIST_FILE = NinjaGoldTests/Info.plist;
				LD_RUNPATH_SEARCH_PATHS = "$(inherited) @executable_path/Frameworks @loader_path/Frameworks";
				PRODUCT_BUNDLE_IDENTIFIER = com.vikashloomba.NinjaGoldTests;
				PRODUCT_NAME = "$(TARGET_NAME)";
				TEST_HOST = "$(BUILT_PRODUCTS_DIR)/NinjaGold.app/NinjaGold";
			};
			name = Debug;
		};
		2AB409EE1B94F3A80069ECA9 /* Release */ = {
			isa = XCBuildConfiguration;
			buildSettings = {
				BUNDLE_LOADER = "$(TEST_HOST)";
				INFOPLIST_FILE = NinjaGoldTests/Info.plist;
				LD_RUNPATH_SEARCH_PATHS = "$(inherited) @executable_path/Frameworks @loader_path/Frameworks";
				PRODUCT_BUNDLE_IDENTIFIER = com.vikashloomba.NinjaGoldTests;
				PRODUCT_NAME = "$(TARGET_NAME)";
				TEST_HOST = "$(BUILT_PRODUCTS_DIR)/NinjaGold.app/NinjaGold";
			};
			name = Release;
		};
		2AB409F01B94F3A80069ECA9 /* Debug */ = {
			isa = XCBuildConfiguration;
			buildSettings = {
				INFOPLIST_FILE = NinjaGoldUITests/Info.plist;
				LD_RUNPATH_SEARCH_PATHS = "$(inherited) @executable_path/Frameworks @loader_path/Frameworks";
				PRODUCT_BUNDLE_IDENTIFIER = com.vikashloomba.NinjaGoldUITests;
				PRODUCT_NAME = "$(TARGET_NAME)";
				TEST_TARGET_NAME = NinjaGold;
				USES_XCTRUNNER = YES;
			};
			name = Debug;
		};
		2AB409F11B94F3A80069ECA9 /* Release */ = {
			isa = XCBuildConfiguration;
			buildSettings = {
				INFOPLIST_FILE = NinjaGoldUITests/Info.plist;
				LD_RUNPATH_SEARCH_PATHS = "$(inherited) @executable_path/Frameworks @loader_path/Frameworks";
				PRODUCT_BUNDLE_IDENTIFIER = com.vikashloomba.NinjaGoldUITests;
				PRODUCT_NAME = "$(TARGET_NAME)";
				TEST_TARGET_NAME = NinjaGold;
				USES_XCTRUNNER = YES;
			};
			name = Release;
		};
/* End XCBuildConfiguration section */

/* Begin XCConfigurationList section */
		2AB409BC1B94F3A80069ECA9 /* Build configuration list for PBXProject "NinjaGold" */ = {
			isa = XCConfigurationList;
			buildConfigurations = (
				2AB409E71B94F3A80069ECA9 /* Debug */,
				2AB409E81B94F3A80069ECA9 /* Release */,
			);
			defaultConfigurationIsVisible = 0;
			defaultConfigurationName = Release;
		};
		2AB409E91B94F3A80069ECA9 /* Build configuration list for PBXNativeTarget "NinjaGold" */ = {
			isa = XCConfigurationList;
			buildConfigurations = (
				2AB409EA1B94F3A80069ECA9 /* Debug */,
				2AB409EB1B94F3A80069ECA9 /* Release */,
			);
			defaultConfigurationIsVisible = 0;
		};
		2AB409EC1B94F3A80069ECA9 /* Build configuration list for PBXNativeTarget "NinjaGoldTests" */ = {
			isa = XCConfigurationList;
			buildConfigurations = (
				2AB409ED1B94F3A80069ECA9 /* Debug */,
				2AB409EE1B94F3A80069ECA9 /* Release */,
			);
			defaultConfigurationIsVisible = 0;
		};
		2AB409EF1B94F3A80069ECA9 /* Build configuration list for PBXNativeTarget "NinjaGoldUITests" */ = {
			isa = XCConfigurationList;
			buildConfigurations = (
				2AB409F01B94F3A80069ECA9 /* Debug */,
				2AB409F11B94F3A80069ECA9 /* Release */,
			);
			defaultConfigurationIsVisible = 0;
		};
/* End XCConfigurationList section */
	};
	rootObject = 2AB409B91B94F3A80069ECA9 /* Project object */;
}
